<?xml version="1.0" encoding="utf-8"?>
<Project ToolsVersion="4.0" xmlns="http://schemas.microsoft.com/developer/msbuild/2003">
  <ItemGroup>
    <Filter Include="Archivos de origen">
      <UniqueIdentifier>{4FC737F1-C7A5-4376-A066-2A32D752A2FF}</UniqueIdentifier>
      <Extensions>cpp;c;cc;cxx;c++;cppm;ixx;def;odl;idl;hpj;bat;asm;asmx</Extensions>
    </Filter>
    <Filter Include="Archivos de encabezado">
      <UniqueIdentifier>{93995380-89BD-4b04-88EB-625FBE52EBFB}</UniqueIdentifier>
      <Extensions>h;hh;hpp;hxx;h++;hm;inl;inc;ipp;xsd</Extensions>
    </Filter>
    <Filter Include="Archivos de recursos">
      <UniqueIdentifier>{67DA6AB6-F800-4c08-8B7A-83BB121AAD01}</UniqueIdentifier>
      <Extensions>rc;ico;cur;bmp;dlg;rc2;rct;bin;rgs;gif;jpg;jpeg;jpe;resx;tiff;tif;png;wav;mfcribbon-ms</Extensions>
    </Filter>
    <Filter Include="Archivos de encabezado\Ecs">
      <UniqueIdentifier>{6107b9c6-f299-427c-85dc-c9f7f583fe26}</UniqueIdentifier>
    </Filter>
    <Filter Include="Archivos de encabezado\Ecs\Entities">
      <UniqueIdentifier>{ecc0444a-991c-4d8e-b6c2-edb8ca23db01}</UniqueIdentifier>
    </Filter>
    <Filter Include="Archivos de encabezado\Ecs\Components">
      <UniqueIdentifier>{12812cc3-51bc-44a1-bdfb-00ba28b1ead1}</UniqueIdentifier>
    </Filter>
    <Filter Include="Archivos de origen\Ecs">
      <UniqueIdentifier>{2b082390-c10b-48ad-84f4-9d23c61d7ef3}</UniqueIdentifier>
    </Filter>
    <Filter Include="Archivos de origen\Ecs\Entities">
      <UniqueIdentifier>{92f9207f-0c07-4320-8ccb-bfecbe5ee0c8}</UniqueIdentifier>
    </Filter>
    <Filter Include="Archivos de origen\Ecs\Components">
      <UniqueIdentifier>{f986a5ab-f965-4935-96ba-9c8aea96b75e}</UniqueIdentifier>
    </Filter>
  </ItemGroup>
  <ItemGroup>
    <ClCompile Include="..\..\Src\QuackEngine\QuackEnginePro.cpp">
      <Filter>Archivos de origen</Filter>
    </ClCompile>
    <ClCompile Include="..\..\Src\QuackEngine\Scene.cpp">
      <Filter>Archivos de origen</Filter>
    </ClCompile>
    <ClCompile Include="..\..\Src\QuackEngine\Prueba.cpp">
      <Filter>Archivos de origen\Ecs\Components</Filter>
    </ClCompile>
    <ClCompile Include="..\..\Src\QuackEngine\QuackTime.cpp">
      <Filter>Archivos de origen</Filter>
    </ClCompile>
    <ClCompile Include="..\..\Src\QuackEngine\QuackEntity.cpp">
      <Filter>Archivos de origen\Ecs\Entities</Filter>
    </ClCompile>
    <ClCompile Include="..\..\Src\QuackEngine\FactoryManager.cpp">
      <Filter>Archivos de origen\Ecs</Filter>
    </ClCompile>
    <ClCompile Include="..\..\Src\QuackEngine\Rigidbody.cpp">
      <Filter>Archivos de origen\Ecs\Components</Filter>
    </ClCompile>
    <ClCompile Include="..\..\Src\QuackEngine\MeshRenderer.cpp">
      <Filter>Archivos de origen\Ecs\Components</Filter>
    </ClCompile>
    <ClCompile Include="..\..\Src\QuackEngine\Transform.cpp">
      <Filter>Archivos de origen\Ecs\Components</Filter>
    </ClCompile>
    <ClCompile Include="..\..\Src\QuackEngine\SceneMng.cpp">
      <Filter>Archivos de origen</Filter>
    </ClCompile>
    <ClCompile Include="..\..\Src\QuackEngine\Vector3D.cpp">
      <Filter>Archivos de origen</Filter>
    </ClCompile>
    <ClCompile Include="..\..\Src\QuackEngine\QuackCamera.cpp">
      <Filter>Archivos de origen\Ecs\Components</Filter>
    </ClCompile>
    <ClCompile Include="..\..\Src\QuackEngine\Prueba2.cpp">
      <Filter>Archivos de origen</Filter>
    </ClCompile>
    <ClCompile Include="..\..\Src\QuackEngine\InputManager.cpp">
      <Filter>Archivos de origen</Filter>
    </ClCompile>
    <ClCompile Include="..\..\Src\QuackEngine\ResourceMng.cpp">
      <Filter>Archivos de origen</Filter>
    </ClCompile>
    <ClCompile Include="..\..\Src\QuackEngine\Prueba2.cpp">
      <Filter>Archivos de origen\Ecs\Components</Filter>
    </ClCompile>
    <ClCompile Include="..\..\Src\QuackEngine\Light.cpp">
      <Filter>Archivos de origen\Ecs\Components</Filter>
    </ClCompile>
    <ClCompile Include="..\..\Src\QuackEngine\CallBacks.cpp">
      <Filter>Archivos de origen</Filter>
    </ClCompile>
  </ItemGroup>
  <ItemGroup>
    <ClInclude Include="..\..\Src\QuackEngine\Scene.h">
      <Filter>Archivos de encabezado</Filter>
    </ClInclude>
    <ClInclude Include="..\..\Src\QuackEngine\Component.h">
      <Filter>Archivos de encabezado\Ecs\Components</Filter>
    </ClInclude>
    <ClInclude Include="..\..\Src\QuackEngine\Prueba.h">
      <Filter>Archivos de encabezado\Ecs\Components</Filter>
    </ClInclude>
    <ClInclude Include="..\..\Src\QuackEngine\QuackEnginePro.h">
      <Filter>Archivos de encabezado</Filter>
    </ClInclude>
    <ClInclude Include="..\..\Src\QuackEngine\QuackTime.h">
      <Filter>Archivos de encabezado</Filter>
    </ClInclude>
    <ClInclude Include="..\..\Src\QuackEngine\QuackEntity.h">
      <Filter>Archivos de encabezado\Ecs\Entities</Filter>
    </ClInclude>
    <ClInclude Include="..\..\Src\QuackEngine\FactoryManager.h">
      <Filter>Archivos de encabezado\Ecs</Filter>
    </ClInclude>
    <ClInclude Include="..\..\Src\QuackEngine\Rigidbody.h">
      <Filter>Archivos de encabezado\Ecs\Components</Filter>
    </ClInclude>
    <ClInclude Include="..\..\Src\QuackEngine\MeshRenderer.h">
      <Filter>Archivos de encabezado\Ecs\Components</Filter>
    </ClInclude>
    <ClInclude Include="..\..\Src\QuackEngine\Transform.h">
      <Filter>Archivos de encabezado\Ecs\Components</Filter>
    </ClInclude>
    <ClInclude Include="..\..\Src\QuackEngine\Vector3D.h">
      <Filter>Archivos de encabezado</Filter>
    </ClInclude>
    <ClInclude Include="..\..\Src\QuackEngine\SceneMng.h">
      <Filter>Archivos de encabezado</Filter>
    </ClInclude>
    <ClInclude Include="..\..\Src\QuackEngine\checkML.h">
      <Filter>Archivos de encabezado</Filter>
    </ClInclude>
    <ClInclude Include="..\..\Src\QuackEngine\QuackCamera.h">
      <Filter>Archivos de encabezado\Ecs\Components</Filter>
    </ClInclude>
    <ClInclude Include="..\..\Src\QuackEngine\ResourceMng.h">
      <Filter>Archivos de encabezado</Filter>
    </ClInclude>
    <ClInclude Include="..\..\Src\QuackEngine\InputManager.h">
      <Filter>Archivos de encabezado</Filter>
    </ClInclude>
    <ClInclude Include="..\..\Src\QuackEngine\Prueba2.h">
      <Filter>Archivos de encabezado\Ecs\Components</Filter>
    </ClInclude>
    <ClInclude Include="..\..\Src\QuackEngine\Light.h">
      <Filter>Archivos de encabezado\Ecs\Components</Filter>
    </ClInclude>
    <ClInclude Include="..\..\Src\QuackEngine\CallBacks.h">
      <Filter>Archivos de encabezado</Filter>
    </ClInclude>
  </ItemGroup>
</Project>